
Microsoft Visual Studio Solution File, Format Version 12.00
# Visual Studio Version 17
VisualStudioVersion = 17.13.35825.156 d17.13
MinimumVisualStudioVersion = 10.0.40219.1
Project("{F184B08F-C81C-45F6-A57F-5ABD9991F28F}") = "Pakman", "Pakman\Pakman.vbproj", "{3BDF4B74-A84F-440B-B9F1-B32AB62275E0}"
EndProject
Global
	GlobalSection(SolutionConfigurationPlatforms) = preSolution
		Debug|Any CPU = Debug|Any CPU
		Release|Any CPU = Release|Any CPU
	EndGlobalSection
	GlobalSection(ProjectConfigurationPlatforms) = postSolution
		{3BDF4B74-A84F-440B-B9F1-B32AB62275E0}.Debug|Any CPU.ActiveCfg = Debug|Any CPU
		{3BDF4B74-A84F-440B-B9F1-B32AB62275E0}.Debug|Any CPU.Build.0 = Debug|Any CPU
		{3BDF4B74-A84F-440B-B9F1-B32AB62275E0}.Release|Any CPU.ActiveCfg = Release|Any CPU
		{3BDF4B74-A84F-440B-B9F1-B32AB62275E0}.Release|Any CPU.Build.0 = Release|Any CPU
	EndGlobalSection
	GlobalSection(SolutionProperties) = preSolution
		HideSolutionNode = FALSE
	EndGlobalSection
	GlobalSection(ExtensibilityGlobals) = postSolution
		SolutionGuid = {D8E529C2-BD57-4296-877A-A35EEFB74C20}
	EndGlobalSection
EndGlobal
