
Microsoft Visual Studio Solution File, Format Version 12.00
# Visual Studio Version 17
VisualStudioVersion = 17.13.35919.96 d17.13
MinimumVisualStudioVersion = 10.0.40219.1
Project("{F184B08F-C81C-45F6-A57F-5ABD9991F28F}") = "Pengolahan Citra", "Pengolahan Citra\Pengolahan Citra.vbproj", "{C5085755-3681-40A0-B857-018E5EC7172B}"
EndProject
Global
	GlobalSection(SolutionConfigurationPlatforms) = preSolution
		Debug|Any CPU = Debug|Any CPU
		Release|Any CPU = Release|Any CPU
	EndGlobalSection
	GlobalSection(ProjectConfigurationPlatforms) = postSolution
		{C5085755-3681-40A0-B857-018E5EC7172B}.Debug|Any CPU.ActiveCfg = Debug|Any CPU
		{C5085755-3681-40A0-B857-018E5EC7172B}.Debug|Any CPU.Build.0 = Debug|Any CPU
		{C5085755-3681-40A0-B857-018E5EC7172B}.Release|Any CPU.ActiveCfg = Release|Any CPU
		{C5085755-3681-40A0-B857-018E5EC7172B}.Release|Any CPU.Build.0 = Release|Any CPU
	EndGlobalSection
	GlobalSection(SolutionProperties) = preSolution
		HideSolutionNode = FALSE
	EndGlobalSection
	GlobalSection(ExtensibilityGlobals) = postSolution
		SolutionGuid = {E390D73D-CEE4-41DE-A795-92B4D23ECD44}
	EndGlobalSection
EndGlobal
