
Microsoft Visual Studio Solution File, Format Version 12.00
# Visual Studio Version 17
VisualStudioVersion = 17.12.35707.178
MinimumVisualStudioVersion = 10.0.40219.1
Project("{F184B08F-C81C-45F6-A57F-5ABD9991F28F}") = "ImageViewer", "ImageViewer.vbproj", "{C9AE14DA-39BB-4846-8045-3707836F7968}"
EndProject
Global
	GlobalSection(SolutionConfigurationPlatforms) = preSolution
		Debug|Any CPU = Debug|Any CPU
		Release|Any CPU = Release|Any CPU
	EndGlobalSection
	GlobalSection(ProjectConfigurationPlatforms) = postSolution
		{C9AE14DA-39BB-4846-8045-3707836F7968}.Debug|Any CPU.ActiveCfg = Debug|Any CPU
		{C9AE14DA-39BB-4846-8045-3707836F7968}.Debug|Any CPU.Build.0 = Debug|Any CPU
		{C9AE14DA-39BB-4846-8045-3707836F7968}.Release|Any CPU.ActiveCfg = Release|Any CPU
		{C9AE14DA-39BB-4846-8045-3707836F7968}.Release|Any CPU.Build.0 = Release|Any CPU
	EndGlobalSection
	GlobalSection(SolutionProperties) = preSolution
		HideSolutionNode = FALSE
	EndGlobalSection
	GlobalSection(ExtensibilityGlobals) = postSolution
		SolutionGuid = {00D3995E-A394-4D50-9DB0-883CD8C252F6}
	EndGlobalSection
EndGlobal
